// !$*UTF8*$!
{
	archiveVersion = 1;
	classes = {
	};
	objectVersion = 50;
	objects = {

/* Begin PBXBuildFile section */
		049F62F524CCF44400058BD0 /* Create1ViewController.swift in Sources */ = {isa = PBXBuildFile; fileRef = 049F62F424CCF44400058BD0 /* Create1ViewController.swift */; };
		049F62F724CCF45100058BD0 /* Create2ViewController.swift in Sources */ = {isa = PBXBuildFile; fileRef = 049F62F624CCF45100058BD0 /* Create2ViewController.swift */; };
		049F62F924CCF45C00058BD0 /* Create3ViewController.swift in Sources */ = {isa = PBXBuildFile; fileRef = 049F62F824CCF45C00058BD0 /* Create3ViewController.swift */; };
		049F62FB24CCF46900058BD0 /* Create4ViewController.swift in Sources */ = {isa = PBXBuildFile; fileRef = 049F62FA24CCF46900058BD0 /* Create4ViewController.swift */; };
		F5C5144024BB83DB00E92938 /* AppDelegate.swift in Sources */ = {isa = PBXBuildFile; fileRef = F5C5143F24BB83DB00E92938 /* AppDelegate.swift */; };
		F5C5144224BB83DB00E92938 /* SceneDelegate.swift in Sources */ = {isa = PBXBuildFile; fileRef = F5C5144124BB83DB00E92938 /* SceneDelegate.swift */; };
		F5C5144424BB83DB00E92938 /* ViewController.swift in Sources */ = {isa = PBXBuildFile; fileRef = F5C5144324BB83DB00E92938 /* ViewController.swift */; };
		F5C5144724BB83DB00E92938 /* Main.storyboard in Resources */ = {isa = PBXBuildFile; fileRef = F5C5144524BB83DB00E92938 /* Main.storyboard */; };
		F5C5144924BB83DD00E92938 /* Assets.xcassets in Resources */ = {isa = PBXBuildFile; fileRef = F5C5144824BB83DD00E92938 /* Assets.xcassets */; };
		F5C5144C24BB83DD00E92938 /* LaunchScreen.storyboard in Resources */ = {isa = PBXBuildFile; fileRef = F5C5144A24BB83DD00E92938 /* LaunchScreen.storyboard */; };
/* End PBXBuildFile section */

/* Begin PBXFileReference section */
		049F62F424CCF44400058BD0 /* Create1ViewController.swift */ = {isa = PBXFileReference; lastKnownFileType = sourcecode.swift; path = Create1ViewController.swift; sourceTree = "<group>"; };
		049F62F624CCF45100058BD0 /* Create2ViewController.swift */ = {isa = PBXFileReference; lastKnownFileType = sourcecode.swift; path = Create2ViewController.swift; sourceTree = "<group>"; };
		049F62F824CCF45C00058BD0 /* Create3ViewController.swift */ = {isa = PBXFileReference; lastKnownFileType = sourcecode.swift; path = Create3ViewController.swift; sourceTree = "<group>"; };
		049F62FA24CCF46900058BD0 /* Create4ViewController.swift */ = {isa = PBXFileReference; lastKnownFileType = sourcecode.swift; path = Create4ViewController.swift; sourceTree = "<group>"; };
		F5C5143C24BB83DB00E92938 /* Habitude.app */ = {isa = PBXFileReference; explicitFileType = wrapper.application; includeInIndex = 0; path = Habitude.app; sourceTree = BUILT_PRODUCTS_DIR; };
		F5C5143F24BB83DB00E92938 /* AppDelegate.swift */ = {isa = PBXFileReference; lastKnownFileType = sourcecode.swift; path = AppDelegate.swift; sourceTree = "<group>"; };
		F5C5144124BB83DB00E92938 /* SceneDelegate.swift */ = {isa = PBXFileReference; lastKnownFileType = sourcecode.swift; path = SceneDelegate.swift; sourceTree = "<group>"; };
		F5C5144324BB83DB00E92938 /* ViewController.swift */ = {isa = PBXFileReference; lastKnownFileType = sourcecode.swift; path = ViewController.swift; sourceTree = "<group>"; };
		F5C5144624BB83DB00E92938 /* Base */ = {isa = PBXFileReference; lastKnownFileType = file.storyboard; name = Base; path = Base.lproj/Main.storyboard; sourceTree = "<group>"; };
		F5C5144824BB83DD00E92938 /* Assets.xcassets */ = {isa = PBXFileReference; lastKnownFileType = folder.assetcatalog; path = Assets.xcassets; sourceTree = "<group>"; };
		F5C5144B24BB83DD00E92938 /* Base */ = {isa = PBXFileReference; lastKnownFileType = file.storyboard; name = Base; path = Base.lproj/LaunchScreen.storyboard; sourceTree = "<group>"; };
		F5C5144D24BB83DD00E92938 /* Info.plist */ = {isa = PBXFileReference; lastKnownFileType = text.plist.xml; path = Info.plist; sourceTree = "<group>"; };
		F5C5145324BB95A700E92938 /* Habitude.entitlements */ = {isa = PBXFileReference; lastKnownFileType = text.plist.entitlements; path = Habitude.entitlements; sourceTree = "<group>"; };
/* End PBXFileReference section */

/* Begin PBXFrameworksBuildPhase section */
		F5C5143924BB83DB00E92938 /* Frameworks */ = {
			isa = PBXFrameworksBuildPhase;
			buildActionMask = 2147483647;
			files = (
			);
			runOnlyForDeploymentPostprocessing = 0;
		};
/* End PBXFrameworksBuildPhase section */

/* Begin PBXGroup section */
		049F62FC24CCF48000058BD0 /* View Controllers */ = {
			isa = PBXGroup;
			children = (
				F5C5144324BB83DB00E92938 /* ViewController.swift */,
				049F62F424CCF44400058BD0 /* Create1ViewController.swift */,
				049F62F624CCF45100058BD0 /* Create2ViewController.swift */,
				049F62F824CCF45C00058BD0 /* Create3ViewController.swift */,
				049F62FA24CCF46900058BD0 /* Create4ViewController.swift */,
			);
			path = "View Controllers";
			sourceTree = "<group>";
		};
		F5C5143324BB83DB00E92938 = {
			isa = PBXGroup;
			children = (
				F5C5143E24BB83DB00E92938 /* Habitude */,
				F5C5143D24BB83DB00E92938 /* Products */,
			);
			sourceTree = "<group>";
		};
		F5C5143D24BB83DB00E92938 /* Products */ = {
			isa = PBXGroup;
			children = (
				F5C5143C24BB83DB00E92938 /* Habitude.app */,
			);
			name = Products;
			sourceTree = "<group>";
		};
		F5C5143E24BB83DB00E92938 /* Habitude */ = {
			isa = PBXGroup;
			children = (
				049F62FC24CCF48000058BD0 /* View Controllers */,
				F5C5145324BB95A700E92938 /* Habitude.entitlements */,
				F5C5143F24BB83DB00E92938 /* AppDelegate.swift */,
				F5C5144124BB83DB00E92938 /* SceneDelegate.swift */,
				F5C5144524BB83DB00E92938 /* Main.storyboard */,
				F5C5144824BB83DD00E92938 /* Assets.xcassets */,
				F5C5144A24BB83DD00E92938 /* LaunchScreen.storyboard */,
				F5C5144D24BB83DD00E92938 /* Info.plist */,
			);
			path = Habitude;
			sourceTree = "<group>";
		};
/* End PBXGroup section */

/* Begin PBXNativeTarget section */
		F5C5143B24BB83DB00E92938 /* Habitude */ = {
			isa = PBXNativeTarget;
			buildConfigurationList = F5C5145024BB83DD00E92938 /* Build configuration list for PBXNativeTarget "Habitude" */;
			buildPhases = (
				F5C5143824BB83DB00E92938 /* Sources */,
				F5C5143924BB83DB00E92938 /* Frameworks */,
				F5C5143A24BB83DB00E92938 /* Resources */,
			);
			buildRules = (
			);
			dependencies = (
			);
			name = Habitude;
			productName = Habitude;
			productReference = F5C5143C24BB83DB00E92938 /* Habitude.app */;
			productType = "com.apple.product-type.application";
		};
/* End PBXNativeTarget section */

/* Begin PBXProject section */
		F5C5143424BB83DB00E92938 /* Project object */ = {
			isa = PBXProject;
			attributes = {
				LastSwiftUpdateCheck = 1150;
				LastUpgradeCheck = 1150;
				TargetAttributes = {
					F5C5143B24BB83DB00E92938 = {
						CreatedOnToolsVersion = 11.5;
					};
				};
			};
			buildConfigurationList = F5C5143724BB83DB00E92938 /* Build configuration list for PBXProject "Habitude" */;
			compatibilityVersion = "Xcode 9.3";
			developmentRegion = en;
			hasScannedForEncodings = 0;
			knownRegions = (
				en,
				Base,
			);
			mainGroup = F5C5143324BB83DB00E92938;
			productRefGroup = F5C5143D24BB83DB00E92938 /* Products */;
			projectDirPath = "";
			projectRoot = "";
			targets = (
				F5C5143B24BB83DB00E92938 /* Habitude */,
			);
		};
/* End PBXProject section */

/* Begin PBXResourcesBuildPhase section */
		F5C5143A24BB83DB00E92938 /* Resources */ = {
			isa = PBXResourcesBuildPhase;
			buildActionMask = 2147483647;
			files = (
				F5C5144C24BB83DD00E92938 /* LaunchScreen.storyboard in Resources */,
				F5C5144924BB83DD00E92938 /* Assets.xcassets in Resources */,
				F5C5144724BB83DB00E92938 /* Main.storyboard in Resources */,
			);
			runOnlyForDeploymentPostprocessing = 0;
		};
/* End PBXResourcesBuildPhase section */

/* Begin PBXSourcesBuildPhase section */
		F5C5143824BB83DB00E92938 /* Sources */ = {
			isa = PBXSourcesBuildPhase;
			buildActionMask = 2147483647;
			files = (
				F5C5144424BB83DB00E92938 /* ViewController.swift in Sources */,
				F5C5144024BB83DB00E92938 /* AppDelegate.swift in Sources */,
				049F62F524CCF44400058BD0 /* Create1ViewController.swift in Sources */,
				F5C5144224BB83DB00E92938 /* SceneDelegate.swift in Sources */,
				049F62F924CCF45C00058BD0 /* Create3ViewController.swift in Sources */,
				049F62F724CCF45100058BD0 /* Create2ViewController.swift in Sources */,
				049F62FB24CCF46900058BD0 /* Create4ViewController.swift in Sources */,
			);
			runOnlyForDeploymentPostprocessing = 0;
		};
/* End PBXSourcesBuildPhase section */

/* Begin PBXVariantGroup section */
		F5C5144524BB83DB00E92938 /* Main.storyboard */ = {
			isa = PBXVariantGroup;
			children = (
				F5C5144624BB83DB00E92938 /* Base */,
			);
			name = Main.storyboard;
			sourceTree = "<group>";
		};
		F5C5144A24BB83DD00E92938 /* LaunchScreen.storyboard */ = {
			isa = PBXVariantGroup;
			children = (
				F5C5144B24BB83DD00E92938 /* Base */,
			);
			name = LaunchScreen.storyboard;
			sourceTree = "<group>";
		};
/* End PBXVariantGroup section */

/* Begin XCBuildConfiguration section */
		F5C5144E24BB83DD00E92938 /* Debug */ = {
			isa = XCBuildConfiguration;
			buildSettings = {
				ALWAYS_SEARCH_USER_PATHS = NO;
				CLANG_ANALYZER_NONNULL = YES;
				CLANG_ANALYZER_NUMBER_OBJECT_CONVERSION = YES_AGGRESSIVE;
				CLANG_CXX_LANGUAGE_STANDARD = "gnu++14";
				CLANG_CXX_LIBRARY = "libc++";
				CLANG_ENABLE_MODULES = YES;
				CLANG_ENABLE_OBJC_ARC = YES;
				CLANG_ENABLE_OBJC_WEAK = YES;
				CLANG_WARN_BLOCK_CAPTURE_AUTORELEASING = YES;
				CLANG_WARN_BOOL_CONVERSION = YES;
				CLANG_WARN_COMMA = YES;
				CLANG_WARN_CONSTANT_CONVERSION = YES;
				CLANG_WARN_DEPRECATED_OBJC_IMPLEMENTATIONS = YES;
				CLANG_WARN_DIRECT_OBJC_ISA_USAGE = YES_ERROR;
				CLANG_WARN_DOCUMENTATION_COMMENTS = YES;
				CLANG_WARN_EMPTY_BODY = YES;
				CLANG_WARN_ENUM_CONVERSION = YES;
				CLANG_WARN_INFINITE_RECURSION = YES;
				CLANG_WARN_INT_CONVERSION = YES;
				CLANG_WARN_NON_LITERAL_NULL_CONVERSION = YES;
				CLANG_WARN_OBJC_IMPLICIT_RETAIN_SELF = YES;
				CLANG_WARN_OBJC_LITERAL_CONVERSION = YES;
				CLANG_WARN_OBJC_ROOT_CLASS = YES_ERROR;
				CLANG_WARN_RANGE_LOOP_ANALYSIS = YES;
				CLANG_WARN_STRICT_PROTOTYPES = YES;
				CLANG_WARN_SUSPICIOUS_MOVE = YES;
				CLANG_WARN_UNGUARDED_AVAILABILITY = YES_AGGRESSIVE;
				CLANG_WARN_UNREACHABLE_CODE = YES;
				CLANG_WARN__DUPLICATE_METHOD_MATCH = YES;
				COPY_PHASE_STRIP = NO;
				DEBUG_INFORMATION_FORMAT = dwarf;
				ENABLE_STRICT_OBJC_MSGSEND = YES;
				ENABLE_TESTABILITY = YES;
				GCC_C_LANGUAGE_STANDARD = gnu11;
				GCC_DYNAMIC_NO_PIC = NO;
				GCC_NO_COMMON_BLOCKS = YES;
				GCC_OPTIMIZATION_LEVEL = 0;
				GCC_PREPROCESSOR_DEFINITIONS = (
					"DEBUG=1",
					"$(inherited)",
				);
				GCC_WARN_64_TO_32_BIT_CONVERSION = YES;
				GCC_WARN_ABOUT_RETURN_TYPE = YES_ERROR;
				GCC_WARN_UNDECLARED_SELECTOR = YES;
				GCC_WARN_UNINITIALIZED_AUTOS = YES_AGGRESSIVE;
				GCC_WARN_UNUSED_FUNCTION = YES;
				GCC_WARN_UNUSED_VARIABLE = YES;
				IPHONEOS_DEPLOYMENT_TARGET = 13.5;
				MTL_ENABLE_DEBUG_INFO = INCLUDE_SOURCE;
				MTL_FAST_MATH = YES;
				ONLY_ACTIVE_ARCH = YES;
				SDKROOT = iphoneos;
				SWIFT_ACTIVE_COMPILATION_CONDITIONS = DEBUG;
				SWIFT_OPTIMIZATION_LEVEL = "-Onone";
			};
			name = Debug;
		};
		F5C5144F24BB83DD00E92938 /* Release */ = {
			isa = XCBuildConfiguration;
			buildSettings = {
				ALWAYS_SEARCH_USER_PATHS = NO;
				CLANG_ANALYZER_NONNULL = YES;
				CLANG_ANALYZER_NUMBER_OBJECT_CONVERSION = YES_AGGRESSIVE;
				CLANG_CXX_LANGUAGE_STANDARD = "gnu++14";
				CLANG_CXX_LIBRARY = "libc++";
				CLANG_ENABLE_MODULES = YES;
				CLANG_ENABLE_OBJC_ARC = YES;
				CLANG_ENABLE_OBJC_WEAK = YES;
				CLANG_WARN_BLOCK_CAPTURE_AUTORELEASING = YES;
				CLANG_WARN_BOOL_CONVERSION = YES;
				CLANG_WARN_COMMA = YES;
				CLANG_WARN_CONSTANT_CONVERSION = YES;
				CLANG_WARN_DEPRECATED_OBJC_IMPLEMENTATIONS = YES;
				CLANG_WARN_DIRECT_OBJC_ISA_USAGE = YES_ERROR;
				CLANG_WARN_DOCUMENTATION_COMMENTS = YES;
				CLANG_WARN_EMPTY_BODY = YES;
				CLANG_WARN_ENUM_CONVERSION = YES;
				CLANG_WARN_INFINITE_RECURSION = YES;
				CLANG_WARN_INT_CONVERSION = YES;
				CLANG_WARN_NON_LITERAL_NULL_CONVERSION = YES;
				CLANG_WARN_OBJC_IMPLICIT_RETAIN_SELF = YES;
				CLANG_WARN_OBJC_LITERAL_CONVERSION = YES;
				CLANG_WARN_OBJC_ROOT_CLASS = YES_ERROR;
				CLANG_WARN_RANGE_LOOP_ANALYSIS = YES;
				CLANG_WARN_STRICT_PROTOTYPES = YES;
				CLANG_WARN_SUSPICIOUS_MOVE = YES;
				CLANG_WARN_UNGUARDED_AVAILABILITY = YES_AGGRESSIVE;
				CLANG_WARN_UNREACHABLE_CODE = YES;
				CLANG_WARN__DUPLICATE_METHOD_MATCH = YES;
				COPY_PHASE_STRIP = NO;
				DEBUG_INFORMATION_FORMAT = "dwarf-with-dsym";
				ENABLE_NS_ASSERTIONS = NO;
				ENABLE_STRICT_OBJC_MSGSEND = YES;
				GCC_C_LANGUAGE_STANDARD = gnu11;
				GCC_NO_COMMON_BLOCKS = YES;
				GCC_WARN_64_TO_32_BIT_CONVERSION = YES;
				GCC_WARN_ABOUT_RETURN_TYPE = YES_ERROR;
				GCC_WARN_UNDECLARED_SELECTOR = YES;
				GCC_WARN_UNINITIALIZED_AUTOS = YES_AGGRESSIVE;
				GCC_WARN_UNUSED_FUNCTION = YES;
				GCC_WARN_UNUSED_VARIABLE = YES;
				IPHONEOS_DEPLOYMENT_TARGET = 13.5;
				MTL_ENABLE_DEBUG_INFO = NO;
				MTL_FAST_MATH = YES;
				SDKROOT = iphoneos;
				SWIFT_COMPILATION_MODE = wholemodule;
				SWIFT_OPTIMIZATION_LEVEL = "-O";
				VALIDATE_PRODUCT = YES;
			};
			name = Release;
		};
		F5C5145124BB83DD00E92938 /* Debug */ = {
			isa = XCBuildConfiguration;
			buildSettings = {
				ASSETCATALOG_COMPILER_APPICON_NAME = AppIcon;
				CODE_SIGN_ENTITLEMENTS = Habitude/Habitude.entitlements;
				CODE_SIGN_STYLE = Automatic;
				DEVELOPMENT_TEAM = "";
				INFOPLIST_FILE = Habitude/Info.plist;
				LD_RUNPATH_SEARCH_PATHS = (
					"$(inherited)",
					"@executable_path/Frameworks",
				);
				PRODUCT_BUNDLE_IDENTIFIER = com.example.Habitude;
				PRODUCT_NAME = "$(TARGET_NAME)";
				SWIFT_VERSION = 5.0;
				TARGETED_DEVICE_FAMILY = "1,2";
			};
			name = Debug;
		};
		F5C5145224BB83DD00E92938 /* Release */ = {
			isa = XCBuildConfiguration;
			buildSettings = {
				ASSETCATALOG_COMPILER_APPICON_NAME = AppIcon;
				CODE_SIGN_ENTITLEMENTS = Habitude/Habitude.entitlements;
				CODE_SIGN_STYLE = Automatic;
				DEVELOPMENT_TEAM = "";
				INFOPLIST_FILE = Habitude/Info.plist;
				LD_RUNPATH_SEARCH_PATHS = (
					"$(inherited)",
					"@executable_path/Frameworks",
				);
				PRODUCT_BUNDLE_IDENTIFIER = com.example.Habitude;
				PRODUCT_NAME = "$(TARGET_NAME)";
				SWIFT_VERSION = 5.0;
				TARGETED_DEVICE_FAMILY = "1,2";
			};
			name = Release;
		};
/* End XCBuildConfiguration section */

/* Begin XCConfigurationList section */
		F5C5143724BB83DB00E92938 /* Build configuration list for PBXProject "Habitude" */ = {
			isa = XCConfigurationList;
			buildConfigurations = (
				F5C5144E24BB83DD00E92938 /* Debug */,
				F5C5144F24BB83DD00E92938 /* Release */,
			);
			defaultConfigurationIsVisible = 0;
			defaultConfigurationName = Release;
		};
		F5C5145024BB83DD00E92938 /* Build configuration list for PBXNativeTarget "Habitude" */ = {
			isa = XCConfigurationList;
			buildConfigurations = (
				F5C5145124BB83DD00E92938 /* Debug */,
				F5C5145224BB83DD00E92938 /* Release */,
			);
			defaultConfigurationIsVisible = 0;
			defaultConfigurationName = Release;
		};
/* End XCConfigurationList section */
	};
	rootObject = F5C5143424BB83DB00E92938 /* Project object */;
}
